
Microsoft Visual Studio Solution File, Format Version 12.00
# Visual Studio Version 17
VisualStudioVersion = 17.1.32421.90
MinimumVisualStudioVersion = 10.0.40219.1
Project("{9A19103F-16F7-4668-BE54-9A1E7A4F7556}") = "OrcamentoApi", "Produtos_AnaP\OrcamentoApi.csproj", "{587AF7FE-E08C-4751-B7CE-72C97B44C614}"
EndProject
Project("{2150E333-8FDC-42A3-9474-1A3956D46DE8}") = "2 - Domain", "2 - Domain", "{B3278D26-90E3-4297-ADCB-C7B9906ACF8F}"
EndProject
Project("{2150E333-8FDC-42A3-9474-1A3956D46DE8}") = "3 - Service", "3 - Service", "{491091D7-97AC-40B9-97D2-98F75EEEEF66}"
EndProject
Project("{2150E333-8FDC-42A3-9474-1A3956D46DE8}") = "4 - Infra", "4 - Infra", "{FC6C2D0F-C568-4A19-99E1-8BE6D913AB8A}"
EndProject
Project("{2150E333-8FDC-42A3-9474-1A3956D46DE8}") = "1 - Application", "1 - Application", "{4B45DFB9-7516-4F1C-8A2D-981F05BA7779}"
EndProject
Project("{9A19103F-16F7-4668-BE54-9A1E7A4F7556}") = "OrcamentoApi.Domain", "Orcamento.Domain\OrcamentoApi.Domain.csproj", "{C008E123-6203-43D0-AD0A-76CBF3D226DD}"
EndProject
Project("{9A19103F-16F7-4668-BE54-9A1E7A4F7556}") = "OrcamentoApi.Service", "Orcamento.Service\OrcamentoApi.Service.csproj", "{D64B51A1-6E41-45E1-917B-2B77AC11041E}"
EndProject
Project("{2150E333-8FDC-42A3-9474-1A3956D46DE8}") = "Data", "Data", "{FEA41DB7-8B3D-408E-A2EC-D5D5087A3CBC}"
EndProject
Project("{9A19103F-16F7-4668-BE54-9A1E7A4F7556}") = "OrcamentoApi.Infra.Data", "Infra.Data\OrcamentoApi.Infra.Data.csproj", "{485C45A2-75DC-4379-8ED5-608112F2AB6B}"
EndProject
Global
	GlobalSection(SolutionConfigurationPlatforms) = preSolution
		Debug|Any CPU = Debug|Any CPU
		Release|Any CPU = Release|Any CPU
	EndGlobalSection
	GlobalSection(ProjectConfigurationPlatforms) = postSolution
		{587AF7FE-E08C-4751-B7CE-72C97B44C614}.Debug|Any CPU.ActiveCfg = Debug|Any CPU
		{587AF7FE-E08C-4751-B7CE-72C97B44C614}.Debug|Any CPU.Build.0 = Debug|Any CPU
		{587AF7FE-E08C-4751-B7CE-72C97B44C614}.Release|Any CPU.ActiveCfg = Release|Any CPU
		{587AF7FE-E08C-4751-B7CE-72C97B44C614}.Release|Any CPU.Build.0 = Release|Any CPU
		{C008E123-6203-43D0-AD0A-76CBF3D226DD}.Debug|Any CPU.ActiveCfg = Debug|Any CPU
		{C008E123-6203-43D0-AD0A-76CBF3D226DD}.Debug|Any CPU.Build.0 = Debug|Any CPU
		{C008E123-6203-43D0-AD0A-76CBF3D226DD}.Release|Any CPU.ActiveCfg = Release|Any CPU
		{C008E123-6203-43D0-AD0A-76CBF3D226DD}.Release|Any CPU.Build.0 = Release|Any CPU
		{D64B51A1-6E41-45E1-917B-2B77AC11041E}.Debug|Any CPU.ActiveCfg = Debug|Any CPU
		{D64B51A1-6E41-45E1-917B-2B77AC11041E}.Debug|Any CPU.Build.0 = Debug|Any CPU
		{D64B51A1-6E41-45E1-917B-2B77AC11041E}.Release|Any CPU.ActiveCfg = Release|Any CPU
		{D64B51A1-6E41-45E1-917B-2B77AC11041E}.Release|Any CPU.Build.0 = Release|Any CPU
		{485C45A2-75DC-4379-8ED5-608112F2AB6B}.Debug|Any CPU.ActiveCfg = Debug|Any CPU
		{485C45A2-75DC-4379-8ED5-608112F2AB6B}.Debug|Any CPU.Build.0 = Debug|Any CPU
		{485C45A2-75DC-4379-8ED5-608112F2AB6B}.Release|Any CPU.ActiveCfg = Release|Any CPU
		{485C45A2-75DC-4379-8ED5-608112F2AB6B}.Release|Any CPU.Build.0 = Release|Any CPU
	EndGlobalSection
	GlobalSection(SolutionProperties) = preSolution
		HideSolutionNode = FALSE
	EndGlobalSection
	GlobalSection(NestedProjects) = preSolution
		{587AF7FE-E08C-4751-B7CE-72C97B44C614} = {4B45DFB9-7516-4F1C-8A2D-981F05BA7779}
		{C008E123-6203-43D0-AD0A-76CBF3D226DD} = {B3278D26-90E3-4297-ADCB-C7B9906ACF8F}
		{D64B51A1-6E41-45E1-917B-2B77AC11041E} = {491091D7-97AC-40B9-97D2-98F75EEEEF66}
		{FEA41DB7-8B3D-408E-A2EC-D5D5087A3CBC} = {FC6C2D0F-C568-4A19-99E1-8BE6D913AB8A}
		{485C45A2-75DC-4379-8ED5-608112F2AB6B} = {FEA41DB7-8B3D-408E-A2EC-D5D5087A3CBC}
	EndGlobalSection
	GlobalSection(ExtensibilityGlobals) = postSolution
		SolutionGuid = {DE9444F3-8964-4F23-8F33-3864794F016C}
	EndGlobalSection
EndGlobal
